{
  "name": "bunyan-middleware",
  "version": "1.0.2",
  "lockfileVersion": 2,
  "requires": true,
  "packages": {
    "": {
      "name": "bunyan-middleware",
      "version": "1.0.2",
      "license": "MIT",
      "dependencies": {
        "@types/bunyan": "^1.8.6",
        "@types/express": "^4.0.35",
        "uuid": "^8.3.2"
      }
    },
    "node_modules/@types/body-parser": {
      "version": "1.19.2",
      "resolved": "https://cegid.jfrog.io/cegid/api/npm/all-npm/@types/body-parser/-/body-parser-1.19.2.tgz",
      "integrity": "sha512-ALYone6pm6QmwZoAgeyNksccT9Q4AWZQ6PvfwR37GT6r6FWUPguq6sUmNGSMV2Wr761oQoBxwGGa6DR5o1DC9g==",
      "license": "MIT",
      "dependencies": {
        "@types/connect": "*",
        "@types/node": "*"
      }
    },
    "node_modules/@types/bunyan": {
      "version": "1.8.8",
      "resolved": "https://cegid.jfrog.io/cegid/api/npm/all-npm/@types/bunyan/-/bunyan-1.8.8.tgz",
      "integrity": "sha512-Cblq+Yydg3u+sGiz2mjHjC5MPmdjY+No4qvHrF+BUhblsmSfMvsHLbOG62tPbonsqBj6sbWv1LHcsoe5Jw+/Ow==",
      "license": "MIT",
      "dependencies": {
        "@types/node": "*"
      }
    },
    "node_modules/@types/connect": {
      "version": "3.4.35",
      "resolved": "https://cegid.jfrog.io/cegid/api/npm/all-npm/@types/connect/-/connect-3.4.35.tgz",
      "integrity": "sha512-cdeYyv4KWoEgpBISTxWvqYsVy444DOqehiF3fM3ne10AmJ62RSyNkUnxMJXHQWRQQX2eR94m5y1IZyDwBjV9FQ==",
      "license": "MIT",
      "dependencies": {
        "@types/node": "*"
      }
    },
    "node_modules/@types/express": {
      "version": "4.17.13",
      "resolved": "https://cegid.jfrog.io/cegid/api/npm/all-npm/@types/express/-/express-4.17.13.tgz",
      "integrity": "sha512-6bSZTPaTIACxn48l50SR+axgrqm6qXFIxrdAKaG6PaJk3+zuUr35hBlgT7vOmJcum+OEaIBLtHV/qloEAFITeA==",
      "license": "MIT",
      "dependencies": {
        "@types/body-parser": "*",
        "@types/express-serve-static-core": "^4.17.18",
        "@types/qs": "*",
        "@types/serve-static": "*"
      }
    },
    "node_modules/@types/express-serve-static-core": {
      "version": "4.17.28",
      "resolved": "https://cegid.jfrog.io/cegid/api/npm/all-npm/@types/express-serve-static-core/-/express-serve-static-core-4.17.28.tgz",
      "integrity": "sha512-P1BJAEAW3E2DJUlkgq4tOL3RyMunoWXqbSCygWo5ZIWTjUgN1YnaXWW4VWl/oc8vs/XoYibEGBKP0uZyF4AHig==",
      "license": "MIT",
      "dependencies": {
        "@types/node": "*",
        "@types/qs": "*",
        "@types/range-parser": "*"
      }
    },
    "node_modules/@types/mime": {
      "version": "1.3.2",
      "resolved": "https://cegid.jfrog.io/cegid/api/npm/all-npm/@types/mime/-/mime-1.3.2.tgz",
      "integrity": "sha512-YATxVxgRqNH6nHEIsvg6k2Boc1JHI9ZbH5iWFFv/MTkchz3b1ieGDa5T0a9RznNdI0KhVbdbWSN+KWWrQZRxTw==",
      "license": "MIT"
    },
    "node_modules/@types/node": {
      "version": "17.0.40",
      "resolved": "https://cegid.jfrog.io/cegid/api/npm/all-npm/@types/node/-/node-17.0.40.tgz",
      "integrity": "sha512-UXdBxNGqTMtm7hCwh9HtncFVLrXoqA3oJW30j6XWp5BH/wu3mVeaxo7cq5benFdBw34HB3XDT2TRPI7rXZ+mDg==",
      "license": "MIT"
    },
    "node_modules/@types/qs": {
      "version": "6.9.7",
      "resolved": "https://cegid.jfrog.io/cegid/api/npm/all-npm/@types/qs/-/qs-6.9.7.tgz",
      "integrity": "sha512-FGa1F62FT09qcrueBA6qYTrJPVDzah9a+493+o2PCXsesWHIn27G98TsSMs3WPNbZIEj4+VJf6saSFpvD+3Zsw==",
      "license": "MIT"
    },
    "node_modules/@types/range-parser": {
      "version": "1.2.4",
      "resolved": "https://cegid.jfrog.io/cegid/api/npm/all-npm/@types/range-parser/-/range-parser-1.2.4.tgz",
      "integrity": "sha512-EEhsLsD6UsDM1yFhAvy0Cjr6VwmpMWqFBCb9w07wVugF7w9nfajxLuVmngTIpgS6svCnm6Vaw+MZhoDCKnOfsw==",
      "license": "MIT"
    },
    "node_modules/@types/serve-static": {
      "version": "1.13.10",
      "resolved": "https://cegid.jfrog.io/cegid/api/npm/all-npm/@types/serve-static/-/serve-static-1.13.10.tgz",
      "integrity": "sha512-nCkHGI4w7ZgAdNkrEu0bv+4xNV/XDqW+DydknebMOQwkpDGx8G+HTlj7R7ABI8i8nKxVw0wtKPi1D+lPOkh4YQ==",
      "license": "MIT",
      "dependencies": {
        "@types/mime": "^1",
        "@types/node": "*"
      }
    },
    "node_modules/uuid": {
      "version": "8.3.2",
      "resolved": "https://cegid.jfrog.io/cegid/api/npm/all-npm/uuid/-/uuid-8.3.2.tgz",
      "integrity": "sha512-+NYs2QeMWy+GWFOEm9xnn6HCDp0l7QBD7ml8zLUmJ+93Q5NF0NocErnwkTkXVFNiX3/fpC6afS8Dhb/gz7R7eg==",
      "license": "MIT",
      "bin": {
        "uuid": "dist/bin/uuid"
      }
    }
  },
  "dependencies": {
    "@types/body-parser": {
      "version": "1.19.2",
      "resolved": "https://cegid.jfrog.io/cegid/api/npm/all-npm/@types/body-parser/-/body-parser-1.19.2.tgz",
      "integrity": "sha512-ALYone6pm6QmwZoAgeyNksccT9Q4AWZQ6PvfwR37GT6r6FWUPguq6sUmNGSMV2Wr761oQoBxwGGa6DR5o1DC9g==",
      "requires": {
        "@types/connect": "*",
        "@types/node": "*"
      }
    },
    "@types/bunyan": {
      "version": "1.8.8",
      "resolved": "https://cegid.jfrog.io/cegid/api/npm/all-npm/@types/bunyan/-/bunyan-1.8.8.tgz",
      "integrity": "sha512-Cblq+Yydg3u+sGiz2mjHjC5MPmdjY+No4qvHrF+BUhblsmSfMvsHLbOG62tPbonsqBj6sbWv1LHcsoe5Jw+/Ow==",
      "requires": {
        "@types/node": "*"
      }
    },
    "@types/connect": {
      "version": "3.4.35",
      "resolved": "https://cegid.jfrog.io/cegid/api/npm/all-npm/@types/connect/-/connect-3.4.35.tgz",
      "integrity": "sha512-cdeYyv4KWoEgpBISTxWvqYsVy444DOqehiF3fM3ne10AmJ62RSyNkUnxMJXHQWRQQX2eR94m5y1IZyDwBjV9FQ==",
      "requires": {
        "@types/node": "*"
      }
    },
    "@types/express": {
      "version": "4.17.13",
      "resolved": "https://cegid.jfrog.io/cegid/api/npm/all-npm/@types/express/-/express-4.17.13.tgz",
      "integrity": "sha512-6bSZTPaTIACxn48l50SR+axgrqm6qXFIxrdAKaG6PaJk3+zuUr35hBlgT7vOmJcum+OEaIBLtHV/qloEAFITeA==",
      "requires": {
        "@types/body-parser": "*",
        "@types/express-serve-static-core": "^4.17.18",
        "@types/qs": "*",
        "@types/serve-static": "*"
      }
    },
    "@types/express-serve-static-core": {
      "version": "4.17.28",
      "resolved": "https://cegid.jfrog.io/cegid/api/npm/all-npm/@types/express-serve-static-core/-/express-serve-static-core-4.17.28.tgz",
      "integrity": "sha512-P1BJAEAW3E2DJUlkgq4tOL3RyMunoWXqbSCygWo5ZIWTjUgN1YnaXWW4VWl/oc8vs/XoYibEGBKP0uZyF4AHig==",
      "requires": {
        "@types/node": "*",
        "@types/qs": "*",
        "@types/range-parser": "*"
      }
    },
    "@types/mime": {
      "version": "1.3.2",
      "resolved": "https://cegid.jfrog.io/cegid/api/npm/all-npm/@types/mime/-/mime-1.3.2.tgz",
      "integrity": "sha512-YATxVxgRqNH6nHEIsvg6k2Boc1JHI9ZbH5iWFFv/MTkchz3b1ieGDa5T0a9RznNdI0KhVbdbWSN+KWWrQZRxTw=="
    },
    "@types/node": {
      "version": "17.0.40",
      "resolved": "https://cegid.jfrog.io/cegid/api/npm/all-npm/@types/node/-/node-17.0.40.tgz",
      "integrity": "sha512-UXdBxNGqTMtm7hCwh9HtncFVLrXoqA3oJW30j6XWp5BH/wu3mVeaxo7cq5benFdBw34HB3XDT2TRPI7rXZ+mDg=="
    },
    "@types/qs": {
      "version": "6.9.7",
      "resolved": "https://cegid.jfrog.io/cegid/api/npm/all-npm/@types/qs/-/qs-6.9.7.tgz",
      "integrity": "sha512-FGa1F62FT09qcrueBA6qYTrJPVDzah9a+493+o2PCXsesWHIn27G98TsSMs3WPNbZIEj4+VJf6saSFpvD+3Zsw=="
    },
    "@types/range-parser": {
      "version": "1.2.4",
      "resolved": "https://cegid.jfrog.io/cegid/api/npm/all-npm/@types/range-parser/-/range-parser-1.2.4.tgz",
      "integrity": "sha512-EEhsLsD6UsDM1yFhAvy0Cjr6VwmpMWqFBCb9w07wVugF7w9nfajxLuVmngTIpgS6svCnm6Vaw+MZhoDCKnOfsw=="
    },
    "@types/serve-static": {
      "version": "1.13.10",
      "resolved": "https://cegid.jfrog.io/cegid/api/npm/all-npm/@types/serve-static/-/serve-static-1.13.10.tgz",
      "integrity": "sha512-nCkHGI4w7ZgAdNkrEu0bv+4xNV/XDqW+DydknebMOQwkpDGx8G+HTlj7R7ABI8i8nKxVw0wtKPi1D+lPOkh4YQ==",
      "requires": {
        "@types/mime": "^1",
        "@types/node": "*"
      }
    },
    "uuid": {
      "version": "8.3.2",
      "resolved": "https://cegid.jfrog.io/cegid/api/npm/all-npm/uuid/-/uuid-8.3.2.tgz",
      "integrity": "sha512-+NYs2QeMWy+GWFOEm9xnn6HCDp0l7QBD7ml8zLUmJ+93Q5NF0NocErnwkTkXVFNiX3/fpC6afS8Dhb/gz7R7eg=="
    }
  }
}
